
Microsoft Visual Studio Solution File, Format Version 12.00
# Visual Studio Version 17
VisualStudioVersion = 17.0.32014.148
MinimumVisualStudioVersion = 15.0.26124.0
Project("{2150E333-8FDC-42A3-9474-1A3956D46DE8}") = "src", "src", "{B30A66DC-6658-407C-BDB5-D650797F6D86}"
EndProject
Project("{9A19103F-16F7-4668-BE54-9A1E7A4F7556}") = "AHI.Infrastructure.MultiTenancy", "src\AHI.Infrastructure.MultiTenancy\AHI.Infrastructure.MultiTenancy.csproj", "{D600DE8B-2242-496E-B66B-3D85B7602004}"
EndProject
Project("{9A19103F-16F7-4668-BE54-9A1E7A4F7556}") = "AHI.Infrastructure.Repository", "src\AHI.Infrastructure.Repository\AHI.Infrastructure.Repository.csproj", "{B26ED78C-0BB7-4F87-938E-E6AD7FADF7B1}"
EndProject
Project("{9A19103F-16F7-4668-BE54-9A1E7A4F7556}") = "AHI.Infrastructure.SharedKernel", "src\AHI.Infrastructure.SharedKernel\AHI.Infrastructure.SharedKernel.csproj", "{8A4C7E53-362C-47EB-81AE-2527773500BA}"
EndProject
Project("{9A19103F-16F7-4668-BE54-9A1E7A4F7556}") = "AHI.Infrastructure.Security", "src\AHI.Infrastructure.Security\AHI.Infrastructure.Security.csproj", "{3B8F1744-4969-402D-982C-BC913F31AC07}"
EndProject
Project("{9A19103F-16F7-4668-BE54-9A1E7A4F7556}") = "AHI.Infrastructure.Service", "src\AHI.Infrastructure.Service\AHI.Infrastructure.Service.csproj", "{39316A89-7FBB-4D68-B79A-CD4401D6078A}"
EndProject
Project("{9A19103F-16F7-4668-BE54-9A1E7A4F7556}") = "AHI.Infrastructure.IntergrationTest", "src\AHI.Infrastructure.IntergrationTest\AHI.Infrastructure.IntergrationTest.csproj", "{713E030A-F2E1-49E1-9D48-8F6EAE5AB05B}"
EndProject
Project("{9A19103F-16F7-4668-BE54-9A1E7A4F7556}") = "AHI.Infrastructure.Bus.ServiceBus", "src\AHI.Infrastructure.Bus.ServiceBus\AHI.Infrastructure.Bus.ServiceBus.csproj", "{81CF5330-15CA-4943-A7BB-F7D45028C5BC}"
EndProject
Project("{9A19103F-16F7-4668-BE54-9A1E7A4F7556}") = "AHI.Infrastructure.Cache.Redis", "src\AHI.Infrastructure.Cache.Redis\AHI.Infrastructure.Cache.Redis.csproj", "{6E06FF5F-6E3B-41E9-A8D1-8B84927884FC}"
EndProject
Project("{9A19103F-16F7-4668-BE54-9A1E7A4F7556}") = "AHI.Infrastructure.BlobStorage", "src\AHI.Infrastructure.BlobStorage\AHI.Infrastructure.BlobStorage.csproj", "{9E59D3B6-8B91-4AA7-B98E-D805CAF500B4}"
EndProject
Project("{9A19103F-16F7-4668-BE54-9A1E7A4F7556}") = "AHI.Infrastructure.DataCompression", "src\AHI.Infrastructure.DataCompression\AHI.Infrastructure.DataCompression.csproj", "{2342D5D6-7929-465E-B464-F97675DAA557}"
EndProject
Project("{9A19103F-16F7-4668-BE54-9A1E7A4F7556}") = "AHI.Infrastructure.Interceptor", "src\AHI.Infrastructure.Interceptor\AHI.Infrastructure.Interceptor.csproj", "{43E5E7D4-57F1-406B-BCA8-77EBB330D572}"
EndProject
Project("{9A19103F-16F7-4668-BE54-9A1E7A4F7556}") = "AHI.Infrastructure.Import", "src\AHI.Infrastructure.Import\AHI.Infrastructure.Import.csproj", "{27214F94-63ED-498A-85DB-CFE5596BD92E}"
EndProject
Project("{9A19103F-16F7-4668-BE54-9A1E7A4F7556}") = "AHI.Infrastructure.Bus.RabbitMQ", "src\AHI.Infrastructure.Bus.RabbitMQ\AHI.Infrastructure.Bus.RabbitMQ.csproj", "{FEFF83DE-EC92-4FD3-9558-C0BB684476F9}"
EndProject
Project("{9A19103F-16F7-4668-BE54-9A1E7A4F7556}") = "AHI.Infrastructure.Bus.Kafka", "src\AHI.Infrastructure.Bus.Kafka\AHI.Infrastructure.Bus.Kafka.csproj", "{7271D98B-2205-40B0-B40C-D2D54554FD97}"
EndProject
Project("{9A19103F-16F7-4668-BE54-9A1E7A4F7556}") = "AHI.Infrastructure.UserContext", "src\AHI.Infrastructure.UserContext\AHI.Infrastructure.UserContext.csproj", "{F173BFEF-18D0-49C0-B87C-7957D6D058AD}"
EndProject
Project("{9A19103F-16F7-4668-BE54-9A1E7A4F7556}") = "AHI.Infrastructure.Validation", "src\AHI.Infrastructure.Validation\AHI.Infrastructure.Validation.csproj", "{8F51A680-D947-4B0F-91D6-38EA25F95F74}"
EndProject
Project("{9A19103F-16F7-4668-BE54-9A1E7A4F7556}") = "AHI.Infrastructure.SystemContext", "src\AHI.Infrastructure.SystemContext\AHI.Infrastructure.SystemContext.csproj", "{34CC78A4-A75B-4EAF-BE09-3A4615490596}"
EndProject
Project("{9A19103F-16F7-4668-BE54-9A1E7A4F7556}") = "AHI.Infrastructure.Export", "src\AHI.Infrastructure.Export\AHI.Infrastructure.Export.csproj", "{73A9244C-E412-4573-B53D-E7653BDFD946}"
EndProject
Project("{9A19103F-16F7-4668-BE54-9A1E7A4F7556}") = "AHI.Infrastructure.Exception", "src\AHI.Infrastructure.Exception\AHI.Infrastructure.Exception.csproj", "{F606DA5F-66AA-4862-A836-F56D06033316}"
EndProject
Project("{9A19103F-16F7-4668-BE54-9A1E7A4F7556}") = "AHI.Infrastructure.OpenTelemetry", "src\AHI.Infrastructure.OpenTelemetry\AHI.Infrastructure.OpenTelemetry.csproj", "{30E5AE62-7CC9-4971-B73D-BE1E16D75130}"
EndProject
Project("{9A19103F-16F7-4668-BE54-9A1E7A4F7556}") = "AHI.Infrastructure.AzureMqttTriggerExtension", "src\AHI.Infrastructure.AzureMqttTriggerExtension\AHI.Infrastructure.AzureMqttTriggerExtension.csproj", "{37463348-DB30-4918-90D8-3A4B5D5EFC87}"
EndProject
Project("{9A19103F-16F7-4668-BE54-9A1E7A4F7556}") = "AHI.Infrastructure.AzureCoapTriggerExtension", "src\AHI.Infrastructure.AzureCoapTriggerExtension\AHI.Infrastructure.AzureCoapTriggerExtension.csproj", "{0045604D-CA1C-411A-AE0E-FE3E686F19A6}"
EndProject
Project("{9A19103F-16F7-4668-BE54-9A1E7A4F7556}") = "AHI.Infrastructure.Service.Dapper", "src\AHI.Infrastructure.Service.Dapper\AHI.Infrastructure.Service.Dapper.csproj", "{53BFC721-6659-4A23-95D0-59870F159A7C}"
EndProject
Project("{9A19103F-16F7-4668-BE54-9A1E7A4F7556}") = "AHI.Infrastructure.Audit", "src\AHI.Infrastructure.Audit\AHI.Infrastructure.Audit.csproj", "{EC7BF633-8E47-4104-8345-5EE6616AB0BD}"
EndProject
Project("{9A19103F-16F7-4668-BE54-9A1E7A4F7556}") = "AHI.Infrastructure.Data", "src\AHI.Infrastructure.Data\AHI.Infrastructure.Data.csproj", "{025D2670-8622-46CE-A144-E25DC474BC55}"
EndProject
Project("{9A19103F-16F7-4668-BE54-9A1E7A4F7556}") = "AHI.Infrastructure.Service.Tag", "src\AHI.Infrastructure.Service.Tag\AHI.Infrastructure.Service.Tag.csproj", "{37ABA450-7A53-42EA-A49D-CB0D9DA146F3}"
EndProject
Project("{9A19103F-16F7-4668-BE54-9A1E7A4F7556}") = "AHI.Infrastructure.Security.Function", "src\AHI.Infrastructure.Security.Function\AHI.Infrastructure.Security.Function.csproj", "{0532EC66-405B-4B30-AC3D-4DEAF36F8F44}"
EndProject
Project("{9A19103F-16F7-4668-BE54-9A1E7A4F7556}") = "AHI.Infrastructure.Service.Tag.PostgreSql", "src\AHI.Infrastructure.Service.Tag.PostgreSql\AHI.Infrastructure.Service.Tag.PostgreSql.csproj", "{27014960-85B4-46AA-90B1-D6BA4B5F5476}"
EndProject
Project("{9A19103F-16F7-4668-BE54-9A1E7A4F7556}") = "AHI.Infrastructure.Service.Tag.SqlServer", "src\AHI.Infrastructure.Service.Tag.SqlServer\AHI.Infrastructure.Service.Tag.SqlServer.csproj", "{86BD2374-DD3A-47B2-9E05-0A4BA44E1C00}"
EndProject
Global
	GlobalSection(SolutionConfigurationPlatforms) = preSolution
		Debug|Any CPU = Debug|Any CPU
		Debug|x64 = Debug|x64
		Debug|x86 = Debug|x86
		Release|Any CPU = Release|Any CPU
		Release|x64 = Release|x64
		Release|x86 = Release|x86
	EndGlobalSection
	GlobalSection(ProjectConfigurationPlatforms) = postSolution
		{D600DE8B-2242-496E-B66B-3D85B7602004}.Debug|Any CPU.ActiveCfg = Debug|Any CPU
		{D600DE8B-2242-496E-B66B-3D85B7602004}.Debug|Any CPU.Build.0 = Debug|Any CPU
		{D600DE8B-2242-496E-B66B-3D85B7602004}.Debug|x64.ActiveCfg = Debug|Any CPU
		{D600DE8B-2242-496E-B66B-3D85B7602004}.Debug|x64.Build.0 = Debug|Any CPU
		{D600DE8B-2242-496E-B66B-3D85B7602004}.Debug|x86.ActiveCfg = Debug|Any CPU
		{D600DE8B-2242-496E-B66B-3D85B7602004}.Debug|x86.Build.0 = Debug|Any CPU
		{D600DE8B-2242-496E-B66B-3D85B7602004}.Release|Any CPU.ActiveCfg = Release|Any CPU
		{D600DE8B-2242-496E-B66B-3D85B7602004}.Release|Any CPU.Build.0 = Release|Any CPU
		{D600DE8B-2242-496E-B66B-3D85B7602004}.Release|x64.ActiveCfg = Release|Any CPU
		{D600DE8B-2242-496E-B66B-3D85B7602004}.Release|x64.Build.0 = Release|Any CPU
		{D600DE8B-2242-496E-B66B-3D85B7602004}.Release|x86.ActiveCfg = Release|Any CPU
		{D600DE8B-2242-496E-B66B-3D85B7602004}.Release|x86.Build.0 = Release|Any CPU
		{B26ED78C-0BB7-4F87-938E-E6AD7FADF7B1}.Debug|Any CPU.ActiveCfg = Debug|Any CPU
		{B26ED78C-0BB7-4F87-938E-E6AD7FADF7B1}.Debug|Any CPU.Build.0 = Debug|Any CPU
		{B26ED78C-0BB7-4F87-938E-E6AD7FADF7B1}.Debug|x64.ActiveCfg = Debug|Any CPU
		{B26ED78C-0BB7-4F87-938E-E6AD7FADF7B1}.Debug|x64.Build.0 = Debug|Any CPU
		{B26ED78C-0BB7-4F87-938E-E6AD7FADF7B1}.Debug|x86.ActiveCfg = Debug|Any CPU
		{B26ED78C-0BB7-4F87-938E-E6AD7FADF7B1}.Debug|x86.Build.0 = Debug|Any CPU
		{B26ED78C-0BB7-4F87-938E-E6AD7FADF7B1}.Release|Any CPU.ActiveCfg = Release|Any CPU
		{B26ED78C-0BB7-4F87-938E-E6AD7FADF7B1}.Release|Any CPU.Build.0 = Release|Any CPU
		{B26ED78C-0BB7-4F87-938E-E6AD7FADF7B1}.Release|x64.ActiveCfg = Release|Any CPU
		{B26ED78C-0BB7-4F87-938E-E6AD7FADF7B1}.Release|x64.Build.0 = Release|Any CPU
		{B26ED78C-0BB7-4F87-938E-E6AD7FADF7B1}.Release|x86.ActiveCfg = Release|Any CPU
		{B26ED78C-0BB7-4F87-938E-E6AD7FADF7B1}.Release|x86.Build.0 = Release|Any CPU
		{8A4C7E53-362C-47EB-81AE-2527773500BA}.Debug|Any CPU.ActiveCfg = Debug|Any CPU
		{8A4C7E53-362C-47EB-81AE-2527773500BA}.Debug|Any CPU.Build.0 = Debug|Any CPU
		{8A4C7E53-362C-47EB-81AE-2527773500BA}.Debug|x64.ActiveCfg = Debug|Any CPU
		{8A4C7E53-362C-47EB-81AE-2527773500BA}.Debug|x64.Build.0 = Debug|Any CPU
		{8A4C7E53-362C-47EB-81AE-2527773500BA}.Debug|x86.ActiveCfg = Debug|Any CPU
		{8A4C7E53-362C-47EB-81AE-2527773500BA}.Debug|x86.Build.0 = Debug|Any CPU
		{8A4C7E53-362C-47EB-81AE-2527773500BA}.Release|Any CPU.ActiveCfg = Release|Any CPU
		{8A4C7E53-362C-47EB-81AE-2527773500BA}.Release|Any CPU.Build.0 = Release|Any CPU
		{8A4C7E53-362C-47EB-81AE-2527773500BA}.Release|x64.ActiveCfg = Release|Any CPU
		{8A4C7E53-362C-47EB-81AE-2527773500BA}.Release|x64.Build.0 = Release|Any CPU
		{8A4C7E53-362C-47EB-81AE-2527773500BA}.Release|x86.ActiveCfg = Release|Any CPU
		{8A4C7E53-362C-47EB-81AE-2527773500BA}.Release|x86.Build.0 = Release|Any CPU
		{3B8F1744-4969-402D-982C-BC913F31AC07}.Debug|Any CPU.ActiveCfg = Debug|Any CPU
		{3B8F1744-4969-402D-982C-BC913F31AC07}.Debug|Any CPU.Build.0 = Debug|Any CPU
		{3B8F1744-4969-402D-982C-BC913F31AC07}.Debug|x64.ActiveCfg = Debug|Any CPU
		{3B8F1744-4969-402D-982C-BC913F31AC07}.Debug|x64.Build.0 = Debug|Any CPU
		{3B8F1744-4969-402D-982C-BC913F31AC07}.Debug|x86.ActiveCfg = Debug|Any CPU
		{3B8F1744-4969-402D-982C-BC913F31AC07}.Debug|x86.Build.0 = Debug|Any CPU
		{3B8F1744-4969-402D-982C-BC913F31AC07}.Release|Any CPU.ActiveCfg = Release|Any CPU
		{3B8F1744-4969-402D-982C-BC913F31AC07}.Release|Any CPU.Build.0 = Release|Any CPU
		{3B8F1744-4969-402D-982C-BC913F31AC07}.Release|x64.ActiveCfg = Release|Any CPU
		{3B8F1744-4969-402D-982C-BC913F31AC07}.Release|x64.Build.0 = Release|Any CPU
		{3B8F1744-4969-402D-982C-BC913F31AC07}.Release|x86.ActiveCfg = Release|Any CPU
		{3B8F1744-4969-402D-982C-BC913F31AC07}.Release|x86.Build.0 = Release|Any CPU
		{39316A89-7FBB-4D68-B79A-CD4401D6078A}.Debug|Any CPU.ActiveCfg = Debug|Any CPU
		{39316A89-7FBB-4D68-B79A-CD4401D6078A}.Debug|Any CPU.Build.0 = Debug|Any CPU
		{39316A89-7FBB-4D68-B79A-CD4401D6078A}.Debug|x64.ActiveCfg = Debug|Any CPU
		{39316A89-7FBB-4D68-B79A-CD4401D6078A}.Debug|x64.Build.0 = Debug|Any CPU
		{39316A89-7FBB-4D68-B79A-CD4401D6078A}.Debug|x86.ActiveCfg = Debug|Any CPU
		{39316A89-7FBB-4D68-B79A-CD4401D6078A}.Debug|x86.Build.0 = Debug|Any CPU
		{39316A89-7FBB-4D68-B79A-CD4401D6078A}.Release|Any CPU.ActiveCfg = Release|Any CPU
		{39316A89-7FBB-4D68-B79A-CD4401D6078A}.Release|Any CPU.Build.0 = Release|Any CPU
		{39316A89-7FBB-4D68-B79A-CD4401D6078A}.Release|x64.ActiveCfg = Release|Any CPU
		{39316A89-7FBB-4D68-B79A-CD4401D6078A}.Release|x64.Build.0 = Release|Any CPU
		{39316A89-7FBB-4D68-B79A-CD4401D6078A}.Release|x86.ActiveCfg = Release|Any CPU
		{39316A89-7FBB-4D68-B79A-CD4401D6078A}.Release|x86.Build.0 = Release|Any CPU
		{713E030A-F2E1-49E1-9D48-8F6EAE5AB05B}.Debug|Any CPU.ActiveCfg = Debug|Any CPU
		{713E030A-F2E1-49E1-9D48-8F6EAE5AB05B}.Debug|Any CPU.Build.0 = Debug|Any CPU
		{713E030A-F2E1-49E1-9D48-8F6EAE5AB05B}.Debug|x64.ActiveCfg = Debug|Any CPU
		{713E030A-F2E1-49E1-9D48-8F6EAE5AB05B}.Debug|x64.Build.0 = Debug|Any CPU
		{713E030A-F2E1-49E1-9D48-8F6EAE5AB05B}.Debug|x86.ActiveCfg = Debug|Any CPU
		{713E030A-F2E1-49E1-9D48-8F6EAE5AB05B}.Debug|x86.Build.0 = Debug|Any CPU
		{713E030A-F2E1-49E1-9D48-8F6EAE5AB05B}.Release|Any CPU.ActiveCfg = Release|Any CPU
		{713E030A-F2E1-49E1-9D48-8F6EAE5AB05B}.Release|Any CPU.Build.0 = Release|Any CPU
		{713E030A-F2E1-49E1-9D48-8F6EAE5AB05B}.Release|x64.ActiveCfg = Release|Any CPU
		{713E030A-F2E1-49E1-9D48-8F6EAE5AB05B}.Release|x64.Build.0 = Release|Any CPU
		{713E030A-F2E1-49E1-9D48-8F6EAE5AB05B}.Release|x86.ActiveCfg = Release|Any CPU
		{713E030A-F2E1-49E1-9D48-8F6EAE5AB05B}.Release|x86.Build.0 = Release|Any CPU
		{81CF5330-15CA-4943-A7BB-F7D45028C5BC}.Debug|Any CPU.ActiveCfg = Debug|Any CPU
		{81CF5330-15CA-4943-A7BB-F7D45028C5BC}.Debug|Any CPU.Build.0 = Debug|Any CPU
		{81CF5330-15CA-4943-A7BB-F7D45028C5BC}.Debug|x64.ActiveCfg = Debug|Any CPU
		{81CF5330-15CA-4943-A7BB-F7D45028C5BC}.Debug|x64.Build.0 = Debug|Any CPU
		{81CF5330-15CA-4943-A7BB-F7D45028C5BC}.Debug|x86.ActiveCfg = Debug|Any CPU
		{81CF5330-15CA-4943-A7BB-F7D45028C5BC}.Debug|x86.Build.0 = Debug|Any CPU
		{81CF5330-15CA-4943-A7BB-F7D45028C5BC}.Release|Any CPU.ActiveCfg = Release|Any CPU
		{81CF5330-15CA-4943-A7BB-F7D45028C5BC}.Release|Any CPU.Build.0 = Release|Any CPU
		{81CF5330-15CA-4943-A7BB-F7D45028C5BC}.Release|x64.ActiveCfg = Release|Any CPU
		{81CF5330-15CA-4943-A7BB-F7D45028C5BC}.Release|x64.Build.0 = Release|Any CPU
		{81CF5330-15CA-4943-A7BB-F7D45028C5BC}.Release|x86.ActiveCfg = Release|Any CPU
		{81CF5330-15CA-4943-A7BB-F7D45028C5BC}.Release|x86.Build.0 = Release|Any CPU
		{6E06FF5F-6E3B-41E9-A8D1-8B84927884FC}.Debug|Any CPU.ActiveCfg = Debug|Any CPU
		{6E06FF5F-6E3B-41E9-A8D1-8B84927884FC}.Debug|Any CPU.Build.0 = Debug|Any CPU
		{6E06FF5F-6E3B-41E9-A8D1-8B84927884FC}.Debug|x64.ActiveCfg = Debug|Any CPU
		{6E06FF5F-6E3B-41E9-A8D1-8B84927884FC}.Debug|x64.Build.0 = Debug|Any CPU
		{6E06FF5F-6E3B-41E9-A8D1-8B84927884FC}.Debug|x86.ActiveCfg = Debug|Any CPU
		{6E06FF5F-6E3B-41E9-A8D1-8B84927884FC}.Debug|x86.Build.0 = Debug|Any CPU
		{6E06FF5F-6E3B-41E9-A8D1-8B84927884FC}.Release|Any CPU.ActiveCfg = Release|Any CPU
		{6E06FF5F-6E3B-41E9-A8D1-8B84927884FC}.Release|Any CPU.Build.0 = Release|Any CPU
		{6E06FF5F-6E3B-41E9-A8D1-8B84927884FC}.Release|x64.ActiveCfg = Release|Any CPU
		{6E06FF5F-6E3B-41E9-A8D1-8B84927884FC}.Release|x64.Build.0 = Release|Any CPU
		{6E06FF5F-6E3B-41E9-A8D1-8B84927884FC}.Release|x86.ActiveCfg = Release|Any CPU
		{6E06FF5F-6E3B-41E9-A8D1-8B84927884FC}.Release|x86.Build.0 = Release|Any CPU
		{9E59D3B6-8B91-4AA7-B98E-D805CAF500B4}.Debug|Any CPU.ActiveCfg = Debug|Any CPU
		{9E59D3B6-8B91-4AA7-B98E-D805CAF500B4}.Debug|Any CPU.Build.0 = Debug|Any CPU
		{9E59D3B6-8B91-4AA7-B98E-D805CAF500B4}.Debug|x64.ActiveCfg = Debug|Any CPU
		{9E59D3B6-8B91-4AA7-B98E-D805CAF500B4}.Debug|x64.Build.0 = Debug|Any CPU
		{9E59D3B6-8B91-4AA7-B98E-D805CAF500B4}.Debug|x86.ActiveCfg = Debug|Any CPU
		{9E59D3B6-8B91-4AA7-B98E-D805CAF500B4}.Debug|x86.Build.0 = Debug|Any CPU
		{9E59D3B6-8B91-4AA7-B98E-D805CAF500B4}.Release|Any CPU.ActiveCfg = Release|Any CPU
		{9E59D3B6-8B91-4AA7-B98E-D805CAF500B4}.Release|Any CPU.Build.0 = Release|Any CPU
		{9E59D3B6-8B91-4AA7-B98E-D805CAF500B4}.Release|x64.ActiveCfg = Release|Any CPU
		{9E59D3B6-8B91-4AA7-B98E-D805CAF500B4}.Release|x64.Build.0 = Release|Any CPU
		{9E59D3B6-8B91-4AA7-B98E-D805CAF500B4}.Release|x86.ActiveCfg = Release|Any CPU
		{9E59D3B6-8B91-4AA7-B98E-D805CAF500B4}.Release|x86.Build.0 = Release|Any CPU
		{2342D5D6-7929-465E-B464-F97675DAA557}.Debug|Any CPU.ActiveCfg = Debug|Any CPU
		{2342D5D6-7929-465E-B464-F97675DAA557}.Debug|Any CPU.Build.0 = Debug|Any CPU
		{2342D5D6-7929-465E-B464-F97675DAA557}.Debug|x64.ActiveCfg = Debug|Any CPU
		{2342D5D6-7929-465E-B464-F97675DAA557}.Debug|x64.Build.0 = Debug|Any CPU
		{2342D5D6-7929-465E-B464-F97675DAA557}.Debug|x86.ActiveCfg = Debug|Any CPU
		{2342D5D6-7929-465E-B464-F97675DAA557}.Debug|x86.Build.0 = Debug|Any CPU
		{2342D5D6-7929-465E-B464-F97675DAA557}.Release|Any CPU.ActiveCfg = Release|Any CPU
		{2342D5D6-7929-465E-B464-F97675DAA557}.Release|Any CPU.Build.0 = Release|Any CPU
		{2342D5D6-7929-465E-B464-F97675DAA557}.Release|x64.ActiveCfg = Release|Any CPU
		{2342D5D6-7929-465E-B464-F97675DAA557}.Release|x64.Build.0 = Release|Any CPU
		{2342D5D6-7929-465E-B464-F97675DAA557}.Release|x86.ActiveCfg = Release|Any CPU
		{2342D5D6-7929-465E-B464-F97675DAA557}.Release|x86.Build.0 = Release|Any CPU
		{43E5E7D4-57F1-406B-BCA8-77EBB330D572}.Debug|Any CPU.ActiveCfg = Debug|Any CPU
		{43E5E7D4-57F1-406B-BCA8-77EBB330D572}.Debug|Any CPU.Build.0 = Debug|Any CPU
		{43E5E7D4-57F1-406B-BCA8-77EBB330D572}.Debug|x64.ActiveCfg = Debug|Any CPU
		{43E5E7D4-57F1-406B-BCA8-77EBB330D572}.Debug|x64.Build.0 = Debug|Any CPU
		{43E5E7D4-57F1-406B-BCA8-77EBB330D572}.Debug|x86.ActiveCfg = Debug|Any CPU
		{43E5E7D4-57F1-406B-BCA8-77EBB330D572}.Debug|x86.Build.0 = Debug|Any CPU
		{43E5E7D4-57F1-406B-BCA8-77EBB330D572}.Release|Any CPU.ActiveCfg = Release|Any CPU
		{43E5E7D4-57F1-406B-BCA8-77EBB330D572}.Release|Any CPU.Build.0 = Release|Any CPU
		{43E5E7D4-57F1-406B-BCA8-77EBB330D572}.Release|x64.ActiveCfg = Release|Any CPU
		{43E5E7D4-57F1-406B-BCA8-77EBB330D572}.Release|x64.Build.0 = Release|Any CPU
		{43E5E7D4-57F1-406B-BCA8-77EBB330D572}.Release|x86.ActiveCfg = Release|Any CPU
		{43E5E7D4-57F1-406B-BCA8-77EBB330D572}.Release|x86.Build.0 = Release|Any CPU
		{27214F94-63ED-498A-85DB-CFE5596BD92E}.Debug|Any CPU.ActiveCfg = Debug|Any CPU
		{27214F94-63ED-498A-85DB-CFE5596BD92E}.Debug|Any CPU.Build.0 = Debug|Any CPU
		{27214F94-63ED-498A-85DB-CFE5596BD92E}.Debug|x64.ActiveCfg = Debug|Any CPU
		{27214F94-63ED-498A-85DB-CFE5596BD92E}.Debug|x64.Build.0 = Debug|Any CPU
		{27214F94-63ED-498A-85DB-CFE5596BD92E}.Debug|x86.ActiveCfg = Debug|Any CPU
		{27214F94-63ED-498A-85DB-CFE5596BD92E}.Debug|x86.Build.0 = Debug|Any CPU
		{27214F94-63ED-498A-85DB-CFE5596BD92E}.Release|Any CPU.ActiveCfg = Release|Any CPU
		{27214F94-63ED-498A-85DB-CFE5596BD92E}.Release|Any CPU.Build.0 = Release|Any CPU
		{27214F94-63ED-498A-85DB-CFE5596BD92E}.Release|x64.ActiveCfg = Release|Any CPU
		{27214F94-63ED-498A-85DB-CFE5596BD92E}.Release|x64.Build.0 = Release|Any CPU
		{27214F94-63ED-498A-85DB-CFE5596BD92E}.Release|x86.ActiveCfg = Release|Any CPU
		{27214F94-63ED-498A-85DB-CFE5596BD92E}.Release|x86.Build.0 = Release|Any CPU
		{FEFF83DE-EC92-4FD3-9558-C0BB684476F9}.Debug|Any CPU.ActiveCfg = Debug|Any CPU
		{FEFF83DE-EC92-4FD3-9558-C0BB684476F9}.Debug|Any CPU.Build.0 = Debug|Any CPU
		{FEFF83DE-EC92-4FD3-9558-C0BB684476F9}.Debug|x64.ActiveCfg = Debug|Any CPU
		{FEFF83DE-EC92-4FD3-9558-C0BB684476F9}.Debug|x64.Build.0 = Debug|Any CPU
		{FEFF83DE-EC92-4FD3-9558-C0BB684476F9}.Debug|x86.ActiveCfg = Debug|Any CPU
		{FEFF83DE-EC92-4FD3-9558-C0BB684476F9}.Debug|x86.Build.0 = Debug|Any CPU
		{FEFF83DE-EC92-4FD3-9558-C0BB684476F9}.Release|Any CPU.ActiveCfg = Release|Any CPU
		{FEFF83DE-EC92-4FD3-9558-C0BB684476F9}.Release|Any CPU.Build.0 = Release|Any CPU
		{FEFF83DE-EC92-4FD3-9558-C0BB684476F9}.Release|x64.ActiveCfg = Release|Any CPU
		{FEFF83DE-EC92-4FD3-9558-C0BB684476F9}.Release|x64.Build.0 = Release|Any CPU
		{FEFF83DE-EC92-4FD3-9558-C0BB684476F9}.Release|x86.ActiveCfg = Release|Any CPU
		{FEFF83DE-EC92-4FD3-9558-C0BB684476F9}.Release|x86.Build.0 = Release|Any CPU
		{7271D98B-2205-40B0-B40C-D2D54554FD97}.Debug|Any CPU.ActiveCfg = Debug|Any CPU
		{7271D98B-2205-40B0-B40C-D2D54554FD97}.Debug|Any CPU.Build.0 = Debug|Any CPU
		{7271D98B-2205-40B0-B40C-D2D54554FD97}.Debug|x64.ActiveCfg = Debug|Any CPU
		{7271D98B-2205-40B0-B40C-D2D54554FD97}.Debug|x64.Build.0 = Debug|Any CPU
		{7271D98B-2205-40B0-B40C-D2D54554FD97}.Debug|x86.ActiveCfg = Debug|Any CPU
		{7271D98B-2205-40B0-B40C-D2D54554FD97}.Debug|x86.Build.0 = Debug|Any CPU
		{7271D98B-2205-40B0-B40C-D2D54554FD97}.Release|Any CPU.ActiveCfg = Release|Any CPU
		{7271D98B-2205-40B0-B40C-D2D54554FD97}.Release|Any CPU.Build.0 = Release|Any CPU
		{7271D98B-2205-40B0-B40C-D2D54554FD97}.Release|x64.ActiveCfg = Release|Any CPU
		{7271D98B-2205-40B0-B40C-D2D54554FD97}.Release|x64.Build.0 = Release|Any CPU
		{7271D98B-2205-40B0-B40C-D2D54554FD97}.Release|x86.ActiveCfg = Release|Any CPU
		{7271D98B-2205-40B0-B40C-D2D54554FD97}.Release|x86.Build.0 = Release|Any CPU
		{F173BFEF-18D0-49C0-B87C-7957D6D058AD}.Debug|Any CPU.ActiveCfg = Debug|Any CPU
		{F173BFEF-18D0-49C0-B87C-7957D6D058AD}.Debug|Any CPU.Build.0 = Debug|Any CPU
		{F173BFEF-18D0-49C0-B87C-7957D6D058AD}.Debug|x64.ActiveCfg = Debug|Any CPU
		{F173BFEF-18D0-49C0-B87C-7957D6D058AD}.Debug|x64.Build.0 = Debug|Any CPU
		{F173BFEF-18D0-49C0-B87C-7957D6D058AD}.Debug|x86.ActiveCfg = Debug|Any CPU
		{F173BFEF-18D0-49C0-B87C-7957D6D058AD}.Debug|x86.Build.0 = Debug|Any CPU
		{F173BFEF-18D0-49C0-B87C-7957D6D058AD}.Release|Any CPU.ActiveCfg = Release|Any CPU
		{F173BFEF-18D0-49C0-B87C-7957D6D058AD}.Release|Any CPU.Build.0 = Release|Any CPU
		{F173BFEF-18D0-49C0-B87C-7957D6D058AD}.Release|x64.ActiveCfg = Release|Any CPU
		{F173BFEF-18D0-49C0-B87C-7957D6D058AD}.Release|x64.Build.0 = Release|Any CPU
		{F173BFEF-18D0-49C0-B87C-7957D6D058AD}.Release|x86.ActiveCfg = Release|Any CPU
		{F173BFEF-18D0-49C0-B87C-7957D6D058AD}.Release|x86.Build.0 = Release|Any CPU
		{8F51A680-D947-4B0F-91D6-38EA25F95F74}.Debug|Any CPU.ActiveCfg = Debug|Any CPU
		{8F51A680-D947-4B0F-91D6-38EA25F95F74}.Debug|Any CPU.Build.0 = Debug|Any CPU
		{8F51A680-D947-4B0F-91D6-38EA25F95F74}.Debug|x64.ActiveCfg = Debug|Any CPU
		{8F51A680-D947-4B0F-91D6-38EA25F95F74}.Debug|x64.Build.0 = Debug|Any CPU
		{8F51A680-D947-4B0F-91D6-38EA25F95F74}.Debug|x86.ActiveCfg = Debug|Any CPU
		{8F51A680-D947-4B0F-91D6-38EA25F95F74}.Debug|x86.Build.0 = Debug|Any CPU
		{8F51A680-D947-4B0F-91D6-38EA25F95F74}.Release|Any CPU.ActiveCfg = Release|Any CPU
		{8F51A680-D947-4B0F-91D6-38EA25F95F74}.Release|Any CPU.Build.0 = Release|Any CPU
		{8F51A680-D947-4B0F-91D6-38EA25F95F74}.Release|x64.ActiveCfg = Release|Any CPU
		{8F51A680-D947-4B0F-91D6-38EA25F95F74}.Release|x64.Build.0 = Release|Any CPU
		{8F51A680-D947-4B0F-91D6-38EA25F95F74}.Release|x86.ActiveCfg = Release|Any CPU
		{8F51A680-D947-4B0F-91D6-38EA25F95F74}.Release|x86.Build.0 = Release|Any CPU
		{34CC78A4-A75B-4EAF-BE09-3A4615490596}.Debug|Any CPU.ActiveCfg = Debug|Any CPU
		{34CC78A4-A75B-4EAF-BE09-3A4615490596}.Debug|Any CPU.Build.0 = Debug|Any CPU
		{34CC78A4-A75B-4EAF-BE09-3A4615490596}.Debug|x64.ActiveCfg = Debug|Any CPU
		{34CC78A4-A75B-4EAF-BE09-3A4615490596}.Debug|x64.Build.0 = Debug|Any CPU
		{34CC78A4-A75B-4EAF-BE09-3A4615490596}.Debug|x86.ActiveCfg = Debug|Any CPU
		{34CC78A4-A75B-4EAF-BE09-3A4615490596}.Debug|x86.Build.0 = Debug|Any CPU
		{34CC78A4-A75B-4EAF-BE09-3A4615490596}.Release|Any CPU.ActiveCfg = Release|Any CPU
		{34CC78A4-A75B-4EAF-BE09-3A4615490596}.Release|Any CPU.Build.0 = Release|Any CPU
		{34CC78A4-A75B-4EAF-BE09-3A4615490596}.Release|x64.ActiveCfg = Release|Any CPU
		{34CC78A4-A75B-4EAF-BE09-3A4615490596}.Release|x64.Build.0 = Release|Any CPU
		{34CC78A4-A75B-4EAF-BE09-3A4615490596}.Release|x86.ActiveCfg = Release|Any CPU
		{34CC78A4-A75B-4EAF-BE09-3A4615490596}.Release|x86.Build.0 = Release|Any CPU
		{73A9244C-E412-4573-B53D-E7653BDFD946}.Debug|Any CPU.ActiveCfg = Debug|Any CPU
		{73A9244C-E412-4573-B53D-E7653BDFD946}.Debug|Any CPU.Build.0 = Debug|Any CPU
		{73A9244C-E412-4573-B53D-E7653BDFD946}.Debug|x64.ActiveCfg = Debug|Any CPU
		{73A9244C-E412-4573-B53D-E7653BDFD946}.Debug|x64.Build.0 = Debug|Any CPU
		{73A9244C-E412-4573-B53D-E7653BDFD946}.Debug|x86.ActiveCfg = Debug|Any CPU
		{73A9244C-E412-4573-B53D-E7653BDFD946}.Debug|x86.Build.0 = Debug|Any CPU
		{73A9244C-E412-4573-B53D-E7653BDFD946}.Release|Any CPU.ActiveCfg = Release|Any CPU
		{73A9244C-E412-4573-B53D-E7653BDFD946}.Release|Any CPU.Build.0 = Release|Any CPU
		{73A9244C-E412-4573-B53D-E7653BDFD946}.Release|x64.ActiveCfg = Release|Any CPU
		{73A9244C-E412-4573-B53D-E7653BDFD946}.Release|x64.Build.0 = Release|Any CPU
		{73A9244C-E412-4573-B53D-E7653BDFD946}.Release|x86.ActiveCfg = Release|Any CPU
		{73A9244C-E412-4573-B53D-E7653BDFD946}.Release|x86.Build.0 = Release|Any CPU
		{F606DA5F-66AA-4862-A836-F56D06033316}.Debug|Any CPU.ActiveCfg = Debug|Any CPU
		{F606DA5F-66AA-4862-A836-F56D06033316}.Debug|Any CPU.Build.0 = Debug|Any CPU
		{F606DA5F-66AA-4862-A836-F56D06033316}.Debug|x64.ActiveCfg = Debug|Any CPU
		{F606DA5F-66AA-4862-A836-F56D06033316}.Debug|x64.Build.0 = Debug|Any CPU
		{F606DA5F-66AA-4862-A836-F56D06033316}.Debug|x86.ActiveCfg = Debug|Any CPU
		{F606DA5F-66AA-4862-A836-F56D06033316}.Debug|x86.Build.0 = Debug|Any CPU
		{F606DA5F-66AA-4862-A836-F56D06033316}.Release|Any CPU.ActiveCfg = Release|Any CPU
		{F606DA5F-66AA-4862-A836-F56D06033316}.Release|Any CPU.Build.0 = Release|Any CPU
		{F606DA5F-66AA-4862-A836-F56D06033316}.Release|x64.ActiveCfg = Release|Any CPU
		{F606DA5F-66AA-4862-A836-F56D06033316}.Release|x64.Build.0 = Release|Any CPU
		{F606DA5F-66AA-4862-A836-F56D06033316}.Release|x86.ActiveCfg = Release|Any CPU
		{F606DA5F-66AA-4862-A836-F56D06033316}.Release|x86.Build.0 = Release|Any CPU
		{30E5AE62-7CC9-4971-B73D-BE1E16D75130}.Debug|Any CPU.ActiveCfg = Debug|Any CPU
		{30E5AE62-7CC9-4971-B73D-BE1E16D75130}.Debug|Any CPU.Build.0 = Debug|Any CPU
		{30E5AE62-7CC9-4971-B73D-BE1E16D75130}.Debug|x64.ActiveCfg = Debug|Any CPU
		{30E5AE62-7CC9-4971-B73D-BE1E16D75130}.Debug|x64.Build.0 = Debug|Any CPU
		{30E5AE62-7CC9-4971-B73D-BE1E16D75130}.Debug|x86.ActiveCfg = Debug|Any CPU
		{30E5AE62-7CC9-4971-B73D-BE1E16D75130}.Debug|x86.Build.0 = Debug|Any CPU
		{30E5AE62-7CC9-4971-B73D-BE1E16D75130}.Release|Any CPU.ActiveCfg = Release|Any CPU
		{30E5AE62-7CC9-4971-B73D-BE1E16D75130}.Release|Any CPU.Build.0 = Release|Any CPU
		{30E5AE62-7CC9-4971-B73D-BE1E16D75130}.Release|x64.ActiveCfg = Release|Any CPU
		{30E5AE62-7CC9-4971-B73D-BE1E16D75130}.Release|x64.Build.0 = Release|Any CPU
		{30E5AE62-7CC9-4971-B73D-BE1E16D75130}.Release|x86.ActiveCfg = Release|Any CPU
		{30E5AE62-7CC9-4971-B73D-BE1E16D75130}.Release|x86.Build.0 = Release|Any CPU
		{37463348-DB30-4918-90D8-3A4B5D5EFC87}.Debug|Any CPU.ActiveCfg = Debug|Any CPU
		{37463348-DB30-4918-90D8-3A4B5D5EFC87}.Debug|Any CPU.Build.0 = Debug|Any CPU
		{37463348-DB30-4918-90D8-3A4B5D5EFC87}.Debug|x64.ActiveCfg = Debug|Any CPU
		{37463348-DB30-4918-90D8-3A4B5D5EFC87}.Debug|x64.Build.0 = Debug|Any CPU
		{37463348-DB30-4918-90D8-3A4B5D5EFC87}.Debug|x86.ActiveCfg = Debug|Any CPU
		{37463348-DB30-4918-90D8-3A4B5D5EFC87}.Debug|x86.Build.0 = Debug|Any CPU
		{37463348-DB30-4918-90D8-3A4B5D5EFC87}.Release|Any CPU.ActiveCfg = Release|Any CPU
		{37463348-DB30-4918-90D8-3A4B5D5EFC87}.Release|Any CPU.Build.0 = Release|Any CPU
		{37463348-DB30-4918-90D8-3A4B5D5EFC87}.Release|x64.ActiveCfg = Release|Any CPU
		{37463348-DB30-4918-90D8-3A4B5D5EFC87}.Release|x64.Build.0 = Release|Any CPU
		{37463348-DB30-4918-90D8-3A4B5D5EFC87}.Release|x86.ActiveCfg = Release|Any CPU
		{37463348-DB30-4918-90D8-3A4B5D5EFC87}.Release|x86.Build.0 = Release|Any CPU
		{0045604D-CA1C-411A-AE0E-FE3E686F19A6}.Debug|Any CPU.ActiveCfg = Debug|Any CPU
		{0045604D-CA1C-411A-AE0E-FE3E686F19A6}.Debug|Any CPU.Build.0 = Debug|Any CPU
		{0045604D-CA1C-411A-AE0E-FE3E686F19A6}.Debug|x64.ActiveCfg = Debug|Any CPU
		{0045604D-CA1C-411A-AE0E-FE3E686F19A6}.Debug|x64.Build.0 = Debug|Any CPU
		{0045604D-CA1C-411A-AE0E-FE3E686F19A6}.Debug|x86.ActiveCfg = Debug|Any CPU
		{0045604D-CA1C-411A-AE0E-FE3E686F19A6}.Debug|x86.Build.0 = Debug|Any CPU
		{0045604D-CA1C-411A-AE0E-FE3E686F19A6}.Release|Any CPU.ActiveCfg = Release|Any CPU
		{0045604D-CA1C-411A-AE0E-FE3E686F19A6}.Release|Any CPU.Build.0 = Release|Any CPU
		{0045604D-CA1C-411A-AE0E-FE3E686F19A6}.Release|x64.ActiveCfg = Release|Any CPU
		{0045604D-CA1C-411A-AE0E-FE3E686F19A6}.Release|x64.Build.0 = Release|Any CPU
		{0045604D-CA1C-411A-AE0E-FE3E686F19A6}.Release|x86.ActiveCfg = Release|Any CPU
		{0045604D-CA1C-411A-AE0E-FE3E686F19A6}.Release|x86.Build.0 = Release|Any CPU
		{53BFC721-6659-4A23-95D0-59870F159A7C}.Debug|Any CPU.ActiveCfg = Debug|Any CPU
		{53BFC721-6659-4A23-95D0-59870F159A7C}.Debug|Any CPU.Build.0 = Debug|Any CPU
		{53BFC721-6659-4A23-95D0-59870F159A7C}.Debug|x64.ActiveCfg = Debug|Any CPU
		{53BFC721-6659-4A23-95D0-59870F159A7C}.Debug|x64.Build.0 = Debug|Any CPU
		{53BFC721-6659-4A23-95D0-59870F159A7C}.Debug|x86.ActiveCfg = Debug|Any CPU
		{53BFC721-6659-4A23-95D0-59870F159A7C}.Debug|x86.Build.0 = Debug|Any CPU
		{53BFC721-6659-4A23-95D0-59870F159A7C}.Release|Any CPU.ActiveCfg = Release|Any CPU
		{53BFC721-6659-4A23-95D0-59870F159A7C}.Release|Any CPU.Build.0 = Release|Any CPU
		{53BFC721-6659-4A23-95D0-59870F159A7C}.Release|x64.ActiveCfg = Release|Any CPU
		{53BFC721-6659-4A23-95D0-59870F159A7C}.Release|x64.Build.0 = Release|Any CPU
		{53BFC721-6659-4A23-95D0-59870F159A7C}.Release|x86.ActiveCfg = Release|Any CPU
		{53BFC721-6659-4A23-95D0-59870F159A7C}.Release|x86.Build.0 = Release|Any CPU
		{EC7BF633-8E47-4104-8345-5EE6616AB0BD}.Debug|Any CPU.ActiveCfg = Debug|Any CPU
		{EC7BF633-8E47-4104-8345-5EE6616AB0BD}.Debug|Any CPU.Build.0 = Debug|Any CPU
		{EC7BF633-8E47-4104-8345-5EE6616AB0BD}.Debug|x64.ActiveCfg = Debug|Any CPU
		{EC7BF633-8E47-4104-8345-5EE6616AB0BD}.Debug|x64.Build.0 = Debug|Any CPU
		{EC7BF633-8E47-4104-8345-5EE6616AB0BD}.Debug|x86.ActiveCfg = Debug|Any CPU
		{EC7BF633-8E47-4104-8345-5EE6616AB0BD}.Debug|x86.Build.0 = Debug|Any CPU
		{EC7BF633-8E47-4104-8345-5EE6616AB0BD}.Release|Any CPU.ActiveCfg = Release|Any CPU
		{EC7BF633-8E47-4104-8345-5EE6616AB0BD}.Release|Any CPU.Build.0 = Release|Any CPU
		{EC7BF633-8E47-4104-8345-5EE6616AB0BD}.Release|x64.ActiveCfg = Release|Any CPU
		{EC7BF633-8E47-4104-8345-5EE6616AB0BD}.Release|x64.Build.0 = Release|Any CPU
		{EC7BF633-8E47-4104-8345-5EE6616AB0BD}.Release|x86.ActiveCfg = Release|Any CPU
		{EC7BF633-8E47-4104-8345-5EE6616AB0BD}.Release|x86.Build.0 = Release|Any CPU
		{025D2670-8622-46CE-A144-E25DC474BC55}.Debug|Any CPU.ActiveCfg = Debug|Any CPU
		{025D2670-8622-46CE-A144-E25DC474BC55}.Debug|Any CPU.Build.0 = Debug|Any CPU
		{025D2670-8622-46CE-A144-E25DC474BC55}.Debug|x64.ActiveCfg = Debug|Any CPU
		{025D2670-8622-46CE-A144-E25DC474BC55}.Debug|x64.Build.0 = Debug|Any CPU
		{025D2670-8622-46CE-A144-E25DC474BC55}.Debug|x86.ActiveCfg = Debug|Any CPU
		{025D2670-8622-46CE-A144-E25DC474BC55}.Debug|x86.Build.0 = Debug|Any CPU
		{025D2670-8622-46CE-A144-E25DC474BC55}.Release|Any CPU.ActiveCfg = Release|Any CPU
		{025D2670-8622-46CE-A144-E25DC474BC55}.Release|Any CPU.Build.0 = Release|Any CPU
		{025D2670-8622-46CE-A144-E25DC474BC55}.Release|x64.ActiveCfg = Release|Any CPU
		{025D2670-8622-46CE-A144-E25DC474BC55}.Release|x64.Build.0 = Release|Any CPU
		{025D2670-8622-46CE-A144-E25DC474BC55}.Release|x86.ActiveCfg = Release|Any CPU
		{025D2670-8622-46CE-A144-E25DC474BC55}.Release|x86.Build.0 = Release|Any CPU
		{37ABA450-7A53-42EA-A49D-CB0D9DA146F3}.Debug|Any CPU.ActiveCfg = Debug|Any CPU
		{37ABA450-7A53-42EA-A49D-CB0D9DA146F3}.Debug|Any CPU.Build.0 = Debug|Any CPU
		{37ABA450-7A53-42EA-A49D-CB0D9DA146F3}.Debug|x64.ActiveCfg = Debug|Any CPU
		{37ABA450-7A53-42EA-A49D-CB0D9DA146F3}.Debug|x64.Build.0 = Debug|Any CPU
		{37ABA450-7A53-42EA-A49D-CB0D9DA146F3}.Debug|x86.ActiveCfg = Debug|Any CPU
		{37ABA450-7A53-42EA-A49D-CB0D9DA146F3}.Debug|x86.Build.0 = Debug|Any CPU
		{37ABA450-7A53-42EA-A49D-CB0D9DA146F3}.Release|Any CPU.ActiveCfg = Release|Any CPU
		{37ABA450-7A53-42EA-A49D-CB0D9DA146F3}.Release|Any CPU.Build.0 = Release|Any CPU
		{37ABA450-7A53-42EA-A49D-CB0D9DA146F3}.Release|x64.ActiveCfg = Release|Any CPU
		{37ABA450-7A53-42EA-A49D-CB0D9DA146F3}.Release|x64.Build.0 = Release|Any CPU
		{37ABA450-7A53-42EA-A49D-CB0D9DA146F3}.Release|x86.ActiveCfg = Release|Any CPU
		{37ABA450-7A53-42EA-A49D-CB0D9DA146F3}.Release|x86.Build.0 = Release|Any CPU
		{0532EC66-405B-4B30-AC3D-4DEAF36F8F44}.Debug|Any CPU.ActiveCfg = Debug|Any CPU
		{0532EC66-405B-4B30-AC3D-4DEAF36F8F44}.Debug|Any CPU.Build.0 = Debug|Any CPU
		{0532EC66-405B-4B30-AC3D-4DEAF36F8F44}.Debug|x64.ActiveCfg = Debug|Any CPU
		{0532EC66-405B-4B30-AC3D-4DEAF36F8F44}.Debug|x64.Build.0 = Debug|Any CPU
		{0532EC66-405B-4B30-AC3D-4DEAF36F8F44}.Debug|x86.ActiveCfg = Debug|Any CPU
		{0532EC66-405B-4B30-AC3D-4DEAF36F8F44}.Debug|x86.Build.0 = Debug|Any CPU
		{0532EC66-405B-4B30-AC3D-4DEAF36F8F44}.Release|Any CPU.ActiveCfg = Release|Any CPU
		{0532EC66-405B-4B30-AC3D-4DEAF36F8F44}.Release|Any CPU.Build.0 = Release|Any CPU
		{0532EC66-405B-4B30-AC3D-4DEAF36F8F44}.Release|x64.ActiveCfg = Release|Any CPU
		{0532EC66-405B-4B30-AC3D-4DEAF36F8F44}.Release|x64.Build.0 = Release|Any CPU
		{0532EC66-405B-4B30-AC3D-4DEAF36F8F44}.Release|x86.ActiveCfg = Release|Any CPU
		{0532EC66-405B-4B30-AC3D-4DEAF36F8F44}.Release|x86.Build.0 = Release|Any CPU
		{27014960-85B4-46AA-90B1-D6BA4B5F5476}.Debug|Any CPU.ActiveCfg = Debug|Any CPU
		{27014960-85B4-46AA-90B1-D6BA4B5F5476}.Debug|Any CPU.Build.0 = Debug|Any CPU
		{27014960-85B4-46AA-90B1-D6BA4B5F5476}.Debug|x64.ActiveCfg = Debug|Any CPU
		{27014960-85B4-46AA-90B1-D6BA4B5F5476}.Debug|x64.Build.0 = Debug|Any CPU
		{27014960-85B4-46AA-90B1-D6BA4B5F5476}.Debug|x86.ActiveCfg = Debug|Any CPU
		{27014960-85B4-46AA-90B1-D6BA4B5F5476}.Debug|x86.Build.0 = Debug|Any CPU
		{27014960-85B4-46AA-90B1-D6BA4B5F5476}.Release|Any CPU.ActiveCfg = Release|Any CPU
		{27014960-85B4-46AA-90B1-D6BA4B5F5476}.Release|Any CPU.Build.0 = Release|Any CPU
		{27014960-85B4-46AA-90B1-D6BA4B5F5476}.Release|x64.ActiveCfg = Release|Any CPU
		{27014960-85B4-46AA-90B1-D6BA4B5F5476}.Release|x64.Build.0 = Release|Any CPU
		{27014960-85B4-46AA-90B1-D6BA4B5F5476}.Release|x86.ActiveCfg = Release|Any CPU
		{27014960-85B4-46AA-90B1-D6BA4B5F5476}.Release|x86.Build.0 = Release|Any CPU
		{86BD2374-DD3A-47B2-9E05-0A4BA44E1C00}.Debug|Any CPU.ActiveCfg = Debug|Any CPU
		{86BD2374-DD3A-47B2-9E05-0A4BA44E1C00}.Debug|Any CPU.Build.0 = Debug|Any CPU
		{86BD2374-DD3A-47B2-9E05-0A4BA44E1C00}.Debug|x64.ActiveCfg = Debug|Any CPU
		{86BD2374-DD3A-47B2-9E05-0A4BA44E1C00}.Debug|x64.Build.0 = Debug|Any CPU
		{86BD2374-DD3A-47B2-9E05-0A4BA44E1C00}.Debug|x86.ActiveCfg = Debug|Any CPU
		{86BD2374-DD3A-47B2-9E05-0A4BA44E1C00}.Debug|x86.Build.0 = Debug|Any CPU
		{86BD2374-DD3A-47B2-9E05-0A4BA44E1C00}.Release|Any CPU.ActiveCfg = Release|Any CPU
		{86BD2374-DD3A-47B2-9E05-0A4BA44E1C00}.Release|Any CPU.Build.0 = Release|Any CPU
		{86BD2374-DD3A-47B2-9E05-0A4BA44E1C00}.Release|x64.ActiveCfg = Release|Any CPU
		{86BD2374-DD3A-47B2-9E05-0A4BA44E1C00}.Release|x64.Build.0 = Release|Any CPU
		{86BD2374-DD3A-47B2-9E05-0A4BA44E1C00}.Release|x86.ActiveCfg = Release|Any CPU
		{86BD2374-DD3A-47B2-9E05-0A4BA44E1C00}.Release|x86.Build.0 = Release|Any CPU
	EndGlobalSection
	GlobalSection(SolutionProperties) = preSolution
		HideSolutionNode = FALSE
	EndGlobalSection
	GlobalSection(NestedProjects) = preSolution
		{D600DE8B-2242-496E-B66B-3D85B7602004} = {B30A66DC-6658-407C-BDB5-D650797F6D86}
		{B26ED78C-0BB7-4F87-938E-E6AD7FADF7B1} = {B30A66DC-6658-407C-BDB5-D650797F6D86}
		{8A4C7E53-362C-47EB-81AE-2527773500BA} = {B30A66DC-6658-407C-BDB5-D650797F6D86}
		{3B8F1744-4969-402D-982C-BC913F31AC07} = {B30A66DC-6658-407C-BDB5-D650797F6D86}
		{39316A89-7FBB-4D68-B79A-CD4401D6078A} = {B30A66DC-6658-407C-BDB5-D650797F6D86}
		{713E030A-F2E1-49E1-9D48-8F6EAE5AB05B} = {B30A66DC-6658-407C-BDB5-D650797F6D86}
		{81CF5330-15CA-4943-A7BB-F7D45028C5BC} = {B30A66DC-6658-407C-BDB5-D650797F6D86}
		{6E06FF5F-6E3B-41E9-A8D1-8B84927884FC} = {B30A66DC-6658-407C-BDB5-D650797F6D86}
		{9E59D3B6-8B91-4AA7-B98E-D805CAF500B4} = {B30A66DC-6658-407C-BDB5-D650797F6D86}
		{2342D5D6-7929-465E-B464-F97675DAA557} = {B30A66DC-6658-407C-BDB5-D650797F6D86}
		{43E5E7D4-57F1-406B-BCA8-77EBB330D572} = {B30A66DC-6658-407C-BDB5-D650797F6D86}
		{27214F94-63ED-498A-85DB-CFE5596BD92E} = {B30A66DC-6658-407C-BDB5-D650797F6D86}
		{FEFF83DE-EC92-4FD3-9558-C0BB684476F9} = {B30A66DC-6658-407C-BDB5-D650797F6D86}
		{7271D98B-2205-40B0-B40C-D2D54554FD97} = {B30A66DC-6658-407C-BDB5-D650797F6D86}
		{F173BFEF-18D0-49C0-B87C-7957D6D058AD} = {B30A66DC-6658-407C-BDB5-D650797F6D86}
		{8F51A680-D947-4B0F-91D6-38EA25F95F74} = {B30A66DC-6658-407C-BDB5-D650797F6D86}
		{34CC78A4-A75B-4EAF-BE09-3A4615490596} = {B30A66DC-6658-407C-BDB5-D650797F6D86}
		{73A9244C-E412-4573-B53D-E7653BDFD946} = {B30A66DC-6658-407C-BDB5-D650797F6D86}
		{F606DA5F-66AA-4862-A836-F56D06033316} = {B30A66DC-6658-407C-BDB5-D650797F6D86}
		{30E5AE62-7CC9-4971-B73D-BE1E16D75130} = {B30A66DC-6658-407C-BDB5-D650797F6D86}
		{37463348-DB30-4918-90D8-3A4B5D5EFC87} = {B30A66DC-6658-407C-BDB5-D650797F6D86}
		{0045604D-CA1C-411A-AE0E-FE3E686F19A6} = {B30A66DC-6658-407C-BDB5-D650797F6D86}
		{53BFC721-6659-4A23-95D0-59870F159A7C} = {B30A66DC-6658-407C-BDB5-D650797F6D86}
		{EC7BF633-8E47-4104-8345-5EE6616AB0BD} = {B30A66DC-6658-407C-BDB5-D650797F6D86}
		{025D2670-8622-46CE-A144-E25DC474BC55} = {B30A66DC-6658-407C-BDB5-D650797F6D86}
		{37ABA450-7A53-42EA-A49D-CB0D9DA146F3} = {B30A66DC-6658-407C-BDB5-D650797F6D86}
		{0532EC66-405B-4B30-AC3D-4DEAF36F8F44} = {B30A66DC-6658-407C-BDB5-D650797F6D86}
		{27014960-85B4-46AA-90B1-D6BA4B5F5476} = {B30A66DC-6658-407C-BDB5-D650797F6D86}
		{86BD2374-DD3A-47B2-9E05-0A4BA44E1C00} = {B30A66DC-6658-407C-BDB5-D650797F6D86}
	EndGlobalSection
	GlobalSection(ExtensibilityGlobals) = postSolution
		SolutionGuid = {47668ABC-46C1-41E8-AFD7-0784CDE12FC9}
	EndGlobalSection
EndGlobal
